
Microsoft Visual Studio Solution File, Format Version 12.00
# Visual Studio 15
VisualStudioVersion = 15.0.27130.2036
MinimumVisualStudioVersion = 10.0.40219.1
Project("{8BC9CEB8-8B4A-11D0-8D11-00A0C91BC942}") = "Project6", "Project6\Project6.vcxproj", "{32057C6F-DF0A-4252-99D9-50EFAB056FFF}"
EndProject
Global
	GlobalSection(SolutionConfigurationPlatforms) = preSolution
		Debug|x64 = Debug|x64
		Debug|x86 = Debug|x86
		Release|x64 = Release|x64
		Release|x86 = Release|x86
	EndGlobalSection
	GlobalSection(ProjectConfigurationPlatforms) = postSolution
		{32057C6F-DF0A-4252-99D9-50EFAB056FFF}.Debug|x64.ActiveCfg = Debug|x64
		{32057C6F-DF0A-4252-99D9-50EFAB056FFF}.Debug|x64.Build.0 = Debug|x64
		{32057C6F-DF0A-4252-99D9-50EFAB056FFF}.Debug|x86.ActiveCfg = Debug|Win32
		{32057C6F-DF0A-4252-99D9-50EFAB056FFF}.Debug|x86.Build.0 = Debug|Win32
		{32057C6F-DF0A-4252-99D9-50EFAB056FFF}.Release|x64.ActiveCfg = Release|x64
		{32057C6F-DF0A-4252-99D9-50EFAB056FFF}.Release|x64.Build.0 = Release|x64
		{32057C6F-DF0A-4252-99D9-50EFAB056FFF}.Release|x86.ActiveCfg = Release|Win32
		{32057C6F-DF0A-4252-99D9-50EFAB056FFF}.Release|x86.Build.0 = Release|Win32
	EndGlobalSection
	GlobalSection(SolutionProperties) = preSolution
		HideSolutionNode = FALSE
	EndGlobalSection
	GlobalSection(ExtensibilityGlobals) = postSolution
		SolutionGuid = {422DA328-2BF4-4044-B43B-56CB39C19016}
	EndGlobalSection
EndGlobal
